// !$*UTF8*$!
{
	archiveVersion = 1;
	classes = {
	};
	objectVersion = 46;
	objects = {

/* Begin PBXBuildFile section */
		9ADEB54A140839B500E75A50 /* UIKit.framework in Frameworks */ = {isa = PBXBuildFile; fileRef = 9ADEB549140839B500E75A50 /* UIKit.framework */; };
		9ADEB54C140839B500E75A50 /* Foundation.framework in Frameworks */ = {isa = PBXBuildFile; fileRef = 9ADEB54B140839B500E75A50 /* Foundation.framework */; };
		9ADEB54E140839B500E75A50 /* CoreGraphics.framework in Frameworks */ = {isa = PBXBuildFile; fileRef = 9ADEB54D140839B500E75A50 /* CoreGraphics.framework */; };
		9ADEB554140839B500E75A50 /* InfoPlist.strings in Resources */ = {isa = PBXBuildFile; fileRef = 9ADEB552140839B500E75A50 /* InfoPlist.strings */; };
		9ADEB557140839B500E75A50 /* main.m in Sources */ = {isa = PBXBuildFile; fileRef = 9ADEB556140839B500E75A50 /* main.m */; };
		9ADEB55A140839B500E75A50 /* riksdagenkontakterAppDelegate.m in Sources */ = {isa = PBXBuildFile; fileRef = 9ADEB559140839B500E75A50 /* riksdagenkontakterAppDelegate.m */; };
		9ADEB55D140839B500E75A50 /* MainWindow.xib in Resources */ = {isa = PBXBuildFile; fileRef = 9ADEB55B140839B500E75A50 /* MainWindow.xib */; };
/* End PBXBuildFile section */

/* Begin PBXFileReference section */
		9ADEB545140839B500E75A50 /* riksdagenkontakter.app */ = {isa = PBXFileReference; explicitFileType = wrapper.application; includeInIndex = 0; path = riksdagenkontakter.app; sourceTree = BUILT_PRODUCTS_DIR; };
		9ADEB549140839B500E75A50 /* UIKit.framework */ = {isa = PBXFileReference; lastKnownFileType = wrapper.framework; name = UIKit.framework; path = System/Library/Frameworks/UIKit.framework; sourceTree = SDKROOT; };
		9ADEB54B140839B500E75A50 /* Foundation.framework */ = {isa = PBXFileReference; lastKnownFileType = wrapper.framework; name = Foundation.framework; path = System/Library/Frameworks/Foundation.framework; sourceTree = SDKROOT; };
		9ADEB54D140839B500E75A50 /* CoreGraphics.framework */ = {isa = PBXFileReference; lastKnownFileType = wrapper.framework; name = CoreGraphics.framework; path = System/Library/Frameworks/CoreGraphics.framework; sourceTree = SDKROOT; };
		9ADEB551140839B500E75A50 /* riksdagenkontakter-Info.plist */ = {isa = PBXFileReference; lastKnownFileType = text.plist.xml; path = "riksdagenkontakter-Info.plist"; sourceTree = "<group>"; };
		9ADEB553140839B500E75A50 /* en */ = {isa = PBXFileReference; lastKnownFileType = text.plist.strings; name = en; path = en.lproj/InfoPlist.strings; sourceTree = "<group>"; };
		9ADEB555140839B500E75A50 /* riksdagenkontakter-Prefix.pch */ = {isa = PBXFileReference; lastKnownFileType = sourcecode.c.h; path = "riksdagenkontakter-Prefix.pch"; sourceTree = "<group>"; };
		9ADEB556140839B500E75A50 /* main.m */ = {isa = PBXFileReference; lastKnownFileType = sourcecode.c.objc; path = main.m; sourceTree = "<group>"; };
		9ADEB558140839B500E75A50 /* riksdagenkontakterAppDelegate.h */ = {isa = PBXFileReference; lastKnownFileType = sourcecode.c.h; path = riksdagenkontakterAppDelegate.h; sourceTree = "<group>"; };
		9ADEB559140839B500E75A50 /* riksdagenkontakterAppDelegate.m */ = {isa = PBXFileReference; lastKnownFileType = sourcecode.c.objc; path = riksdagenkontakterAppDelegate.m; sourceTree = "<group>"; };
		9ADEB55C140839B500E75A50 /* en */ = {isa = PBXFileReference; lastKnownFileType = file.xib; name = en; path = en.lproj/MainWindow.xib; sourceTree = "<group>"; };
/* End PBXFileReference section */

/* Begin PBXFrameworksBuildPhase section */
		9ADEB542140839B500E75A50 /* Frameworks */ = {
			isa = PBXFrameworksBuildPhase;
			buildActionMask = 2147483647;
			files = (
				9ADEB54A140839B500E75A50 /* UIKit.framework in Frameworks */,
				9ADEB54C140839B500E75A50 /* Foundation.framework in Frameworks */,
				9ADEB54E140839B500E75A50 /* CoreGraphics.framework in Frameworks */,
			);
			runOnlyForDeploymentPostprocessing = 0;
		};
/* End PBXFrameworksBuildPhase section */

/* Begin PBXGroup section */
		9ADEB53A140839B500E75A50 = {
			isa = PBXGroup;
			children = (
				9ADEB54F140839B500E75A50 /* riksdagenkontakter */,
				9ADEB548140839B500E75A50 /* Frameworks */,
				9ADEB546140839B500E75A50 /* Products */,
			);
			sourceTree = "<group>";
		};
		9ADEB546140839B500E75A50 /* Products */ = {
			isa = PBXGroup;
			children = (
				9ADEB545140839B500E75A50 /* riksdagenkontakter.app */,
			);
			name = Products;
			sourceTree = "<group>";
		};
		9ADEB548140839B500E75A50 /* Frameworks */ = {
			isa = PBXGroup;
			children = (
				9ADEB549140839B500E75A50 /* UIKit.framework */,
				9ADEB54B140839B500E75A50 /* Foundation.framework */,
				9ADEB54D140839B500E75A50 /* CoreGraphics.framework */,
			);
			name = Frameworks;
			sourceTree = "<group>";
		};
		9ADEB54F140839B500E75A50 /* riksdagenkontakter */ = {
			isa = PBXGroup;
			children = (
				9ADEB558140839B500E75A50 /* riksdagenkontakterAppDelegate.h */,
				9ADEB559140839B500E75A50 /* riksdagenkontakterAppDelegate.m */,
				9ADEB55B140839B500E75A50 /* MainWindow.xib */,
				9ADEB550140839B500E75A50 /* Supporting Files */,
			);
			path = riksdagenkontakter;
			sourceTree = "<group>";
		};
		9ADEB550140839B500E75A50 /* Supporting Files */ = {
			isa = PBXGroup;
			children = (
				9ADEB551140839B500E75A50 /* riksdagenkontakter-Info.plist */,
				9ADEB552140839B500E75A50 /* InfoPlist.strings */,
				9ADEB555140839B500E75A50 /* riksdagenkontakter-Prefix.pch */,
				9ADEB556140839B500E75A50 /* main.m */,
			);
			name = "Supporting Files";
			sourceTree = "<group>";
		};
/* End PBXGroup section */

/* Begin PBXNativeTarget section */
		9ADEB544140839B500E75A50 /* riksdagenkontakter */ = {
			isa = PBXNativeTarget;
			buildConfigurationList = 9ADEB560140839B500E75A50 /* Build configuration list for PBXNativeTarget "riksdagenkontakter" */;
			buildPhases = (
				9ADEB541140839B500E75A50 /* Sources */,
				9ADEB542140839B500E75A50 /* Frameworks */,
				9ADEB543140839B500E75A50 /* Resources */,
			);
			buildRules = (
			);
			dependencies = (
			);
			name = riksdagenkontakter;
			productName = riksdagenkontakter;
			productReference = 9ADEB545140839B500E75A50 /* riksdagenkontakter.app */;
			productType = "com.apple.product-type.application";
		};
/* End PBXNativeTarget section */

/* Begin PBXProject section */
		9ADEB53C140839B500E75A50 /* Project object */ = {
			isa = PBXProject;
			buildConfigurationList = 9ADEB53F140839B500E75A50 /* Build configuration list for PBXProject "riksdagenkontakter" */;
			compatibilityVersion = "Xcode 3.2";
			developmentRegion = English;
			hasScannedForEncodings = 0;
			knownRegions = (
				en,
			);
			mainGroup = 9ADEB53A140839B500E75A50;
			productRefGroup = 9ADEB546140839B500E75A50 /* Products */;
			projectDirPath = "";
			projectRoot = "";
			targets = (
				9ADEB544140839B500E75A50 /* riksdagenkontakter */,
			);
		};
/* End PBXProject section */

/* Begin PBXResourcesBuildPhase section */
		9ADEB543140839B500E75A50 /* Resources */ = {
			isa = PBXResourcesBuildPhase;
			buildActionMask = 2147483647;
			files = (
				9ADEB554140839B500E75A50 /* InfoPlist.strings in Resources */,
				9ADEB55D140839B500E75A50 /* MainWindow.xib in Resources */,
			);
			runOnlyForDeploymentPostprocessing = 0;
		};
/* End PBXResourcesBuildPhase section */

/* Begin PBXSourcesBuildPhase section */
		9ADEB541140839B500E75A50 /* Sources */ = {
			isa = PBXSourcesBuildPhase;
			buildActionMask = 2147483647;
			files = (
				9ADEB557140839B500E75A50 /* main.m in Sources */,
				9ADEB55A140839B500E75A50 /* riksdagenkontakterAppDelegate.m in Sources */,
			);
			runOnlyForDeploymentPostprocessing = 0;
		};
/* End PBXSourcesBuildPhase section */

/* Begin PBXVariantGroup section */
		9ADEB552140839B500E75A50 /* InfoPlist.strings */ = {
			isa = PBXVariantGroup;
			children = (
				9ADEB553140839B500E75A50 /* en */,
			);
			name = InfoPlist.strings;
			sourceTree = "<group>";
		};
		9ADEB55B140839B500E75A50 /* MainWindow.xib */ = {
			isa = PBXVariantGroup;
			children = (
				9ADEB55C140839B500E75A50 /* en */,
			);
			name = MainWindow.xib;
			sourceTree = "<group>";
		};
/* End PBXVariantGroup section */

/* Begin XCBuildConfiguration section */
		9ADEB55E140839B500E75A50 /* Debug */ = {
			isa = XCBuildConfiguration;
			buildSettings = {
				ARCHS = "$(ARCHS_STANDARD_32_BIT)";
				"CODE_SIGN_IDENTITY[sdk=iphoneos*]" = "iPhone Developer";
				GCC_C_LANGUAGE_STANDARD = gnu99;
				GCC_OPTIMIZATION_LEVEL = 0;
				GCC_PREPROCESSOR_DEFINITIONS = DEBUG;
				GCC_SYMBOLS_PRIVATE_EXTERN = NO;
				GCC_VERSION = com.apple.compilers.llvmgcc42;
				GCC_WARN_ABOUT_RETURN_TYPE = YES;
				GCC_WARN_UNUSED_VARIABLE = YES;
				IPHONEOS_DEPLOYMENT_TARGET = 4.3;
				SDKROOT = iphoneos;
			};
			name = Debug;
		};
		9ADEB55F140839B500E75A50 /* Release */ = {
			isa = XCBuildConfiguration;
			buildSettings = {
				ARCHS = "$(ARCHS_STANDARD_32_BIT)";
				"CODE_SIGN_IDENTITY[sdk=iphoneos*]" = "iPhone Developer";
				GCC_C_LANGUAGE_STANDARD = gnu99;
				GCC_VERSION = com.apple.compilers.llvmgcc42;
				GCC_WARN_ABOUT_RETURN_TYPE = YES;
				GCC_WARN_UNUSED_VARIABLE = YES;
				IPHONEOS_DEPLOYMENT_TARGET = 4.3;
				OTHER_CFLAGS = "-DNS_BLOCK_ASSERTIONS=1";
				SDKROOT = iphoneos;
			};
			name = Release;
		};
		9ADEB561140839B500E75A50 /* Debug */ = {
			isa = XCBuildConfiguration;
			buildSettings = {
				ALWAYS_SEARCH_USER_PATHS = NO;
				COPY_PHASE_STRIP = NO;
				GCC_DYNAMIC_NO_PIC = NO;
				GCC_PRECOMPILE_PREFIX_HEADER = YES;
				GCC_PREFIX_HEADER = "riksdagenkontakter/riksdagenkontakter-Prefix.pch";
				INFOPLIST_FILE = "riksdagenkontakter/riksdagenkontakter-Info.plist";
				PRODUCT_NAME = "$(TARGET_NAME)";
				WRAPPER_EXTENSION = app;
			};
			name = Debug;
		};
		9ADEB562140839B500E75A50 /* Release */ = {
			isa = XCBuildConfiguration;
			buildSettings = {
				ALWAYS_SEARCH_USER_PATHS = NO;
				COPY_PHASE_STRIP = YES;
				GCC_PRECOMPILE_PREFIX_HEADER = YES;
				GCC_PREFIX_HEADER = "riksdagenkontakter/riksdagenkontakter-Prefix.pch";
				INFOPLIST_FILE = "riksdagenkontakter/riksdagenkontakter-Info.plist";
				PRODUCT_NAME = "$(TARGET_NAME)";
				VALIDATE_PRODUCT = YES;
				WRAPPER_EXTENSION = app;
			};
			name = Release;
		};
/* End XCBuildConfiguration section */

/* Begin XCConfigurationList section */
		9ADEB53F140839B500E75A50 /* Build configuration list for PBXProject "riksdagenkontakter" */ = {
			isa = XCConfigurationList;
			buildConfigurations = (
				9ADEB55E140839B500E75A50 /* Debug */,
				9ADEB55F140839B500E75A50 /* Release */,
			);
			defaultConfigurationIsVisible = 0;
			defaultConfigurationName = Release;
		};
		9ADEB560140839B500E75A50 /* Build configuration list for PBXNativeTarget "riksdagenkontakter" */ = {
			isa = XCConfigurationList;
			buildConfigurations = (
				9ADEB561140839B500E75A50 /* Debug */,
				9ADEB562140839B500E75A50 /* Release */,
			);
			defaultConfigurationIsVisible = 0;
		};
/* End XCConfigurationList section */
	};
	rootObject = 9ADEB53C140839B500E75A50 /* Project object */;
}
